// !$*UTF8*$!
{
	archiveVersion = 1;
	classes = {
	};
	objectVersion = 51;
	objects = {

/* Begin PBXBuildFile section */
		490E800366BDBF31B7F693F2 /* Pods_MVP_CTests.framework in Frameworks */ = {isa = PBXBuildFile; fileRef = 210C09AC34D07D36C74A4FA4 /* Pods_MVP_CTests.framework */; };
		6EC16056206AB8271536235D /* Pods_MVP_C.framework in Frameworks */ = {isa = PBXBuildFile; fileRef = 83D080A24D32336FD82FEE12 /* Pods_MVP_C.framework */; };
		8B70AD3F252E3AF24B758953 /* Pods_MVP_C_MVP_CUITests.framework in Frameworks */ = {isa = PBXBuildFile; fileRef = 4B256E059E82F35B68DD15D0 /* Pods_MVP_C_MVP_CUITests.framework */; };
		BB29D78426F794C900FE4210 /* ToursViewController.swift in Sources */ = {isa = PBXBuildFile; fileRef = BB29D78326F794C900FE4210 /* ToursViewController.swift */; };
		BB29D78626F7953E00FE4210 /* ToursDetailView.storyboard in Resources */ = {isa = PBXBuildFile; fileRef = BB29D78526F7953E00FE4210 /* ToursDetailView.storyboard */; };
		BB4FF7F526F9F0A2006D2229 /* Transport.swift in Sources */ = {isa = PBXBuildFile; fileRef = BB4FF7F426F9F0A2006D2229 /* Transport.swift */; };
		BB62CC2826FA19450002706F /* TransportCollectionViewCell.swift in Sources */ = {isa = PBXBuildFile; fileRef = BB62CC2726FA19450002706F /* TransportCollectionViewCell.swift */; };
		BB62CC2C26FA26D90002706F /* Hotel.swift in Sources */ = {isa = PBXBuildFile; fileRef = BB62CC2B26FA26D90002706F /* Hotel.swift */; };
		BB6FB5DA26F8A47800E0E4AF /* GastronomyDetailView.storyboard in Resources */ = {isa = PBXBuildFile; fileRef = BB6FB5D926F8A47800E0E4AF /* GastronomyDetailView.storyboard */; };
		BB6FB5DC26F8A49500E0E4AF /* TransportDetailView.storyboard in Resources */ = {isa = PBXBuildFile; fileRef = BB6FB5DB26F8A49500E0E4AF /* TransportDetailView.storyboard */; };
		BB6FB5DE26F8A4A700E0E4AF /* HotelsDetailView.storyboard in Resources */ = {isa = PBXBuildFile; fileRef = BB6FB5DD26F8A4A700E0E4AF /* HotelsDetailView.storyboard */; };
		BB6FB5E026F8A4B200E0E4AF /* ShopsDetailView.storyboard in Resources */ = {isa = PBXBuildFile; fileRef = BB6FB5DF26F8A4B200E0E4AF /* ShopsDetailView.storyboard */; };
		BB6FB5E226F8B34200E0E4AF /* GastronomyViewController.swift in Sources */ = {isa = PBXBuildFile; fileRef = BB6FB5E126F8B34200E0E4AF /* GastronomyViewController.swift */; };
		BB6FB5E426F8B35500E0E4AF /* TransportViewController.swift in Sources */ = {isa = PBXBuildFile; fileRef = BB6FB5E326F8B35500E0E4AF /* TransportViewController.swift */; };
		BB6FB5E626F8B36000E0E4AF /* HotelsViewController.swift in Sources */ = {isa = PBXBuildFile; fileRef = BB6FB5E526F8B36000E0E4AF /* HotelsViewController.swift */; };
		BB6FB5E826F8B36B00E0E4AF /* ShopsViewController.swift in Sources */ = {isa = PBXBuildFile; fileRef = BB6FB5E726F8B36B00E0E4AF /* ShopsViewController.swift */; };
		BB6FB5EA26F8B5D600E0E4AF /* InformationDetailView.storyboard in Resources */ = {isa = PBXBuildFile; fileRef = BB6FB5E926F8B5D600E0E4AF /* InformationDetailView.storyboard */; };
		BB6FB5EC26F8B77900E0E4AF /* InformationViewController.swift in Sources */ = {isa = PBXBuildFile; fileRef = BB6FB5EB26F8B77900E0E4AF /* InformationViewController.swift */; };
		BB6FB5F426F8DE1700E0E4AF /* R.generated.swift in Sources */ = {isa = PBXBuildFile; fileRef = BB6FB5F326F8DE1700E0E4AF /* R.generated.swift */; };
		BB6FB5F626F8EDE900E0E4AF /* CollectionViewCell.swift in Sources */ = {isa = PBXBuildFile; fileRef = BB6FB5F526F8EDE900E0E4AF /* CollectionViewCell.swift */; };
		BB6FB5F826F8EF5300E0E4AF /* Information.swift in Sources */ = {isa = PBXBuildFile; fileRef = BB6FB5F726F8EF5300E0E4AF /* Information.swift */; };
		BB93052526F327AA00B7674D /* AppDelegate.swift in Sources */ = {isa = PBXBuildFile; fileRef = BB93052426F327AA00B7674D /* AppDelegate.swift */; };
		BB93052726F327AA00B7674D /* SceneDelegate.swift in Sources */ = {isa = PBXBuildFile; fileRef = BB93052626F327AA00B7674D /* SceneDelegate.swift */; };
		BB93052926F327AA00B7674D /* ViewController.swift in Sources */ = {isa = PBXBuildFile; fileRef = BB93052826F327AA00B7674D /* ViewController.swift */; };
		BB93052C26F327AA00B7674D /* Main.storyboard in Resources */ = {isa = PBXBuildFile; fileRef = BB93052A26F327AA00B7674D /* Main.storyboard */; };
		BB93052E26F327AC00B7674D /* Assets.xcassets in Resources */ = {isa = PBXBuildFile; fileRef = BB93052D26F327AC00B7674D /* Assets.xcassets */; };
		BB93053126F327AC00B7674D /* LaunchScreen.storyboard in Resources */ = {isa = PBXBuildFile; fileRef = BB93052F26F327AC00B7674D /* LaunchScreen.storyboard */; };
		BB93053C26F327AC00B7674D /* MVP_CTests.swift in Sources */ = {isa = PBXBuildFile; fileRef = BB93053B26F327AC00B7674D /* MVP_CTests.swift */; };
		BB93054726F327AC00B7674D /* MVP_CUITests.swift in Sources */ = {isa = PBXBuildFile; fileRef = BB93054626F327AC00B7674D /* MVP_CUITests.swift */; };
		BB93055826F3280700B7674D /* MainCoordinator.swift in Sources */ = {isa = PBXBuildFile; fileRef = BB93055726F3280700B7674D /* MainCoordinator.swift */; };
		BB93055A26F328DB00B7674D /* Storyboarded.swift in Sources */ = {isa = PBXBuildFile; fileRef = BB93055926F328DB00B7674D /* Storyboarded.swift */; };
		BB93055C26F3325800B7674D /* PresenterHomeView.swift in Sources */ = {isa = PBXBuildFile; fileRef = BB93055B26F3325800B7674D /* PresenterHomeView.swift */; };
		BB93055F26F336FA00B7674D /* DetailViewController.swift in Sources */ = {isa = PBXBuildFile; fileRef = BB93055E26F336FA00B7674D /* DetailViewController.swift */; };
		BB93056626F3AC5200B7674D /* DetailViewPresenter.swift in Sources */ = {isa = PBXBuildFile; fileRef = BB93056526F3AC5200B7674D /* DetailViewPresenter.swift */; };
		D8677E1E26F4933E00F65A1A /* DetailCoordinator.swift in Sources */ = {isa = PBXBuildFile; fileRef = D8677E1D26F4933E00F65A1A /* DetailCoordinator.swift */; };
/* End PBXBuildFile section */

/* Begin PBXContainerItemProxy section */
		BB93053826F327AC00B7674D /* PBXContainerItemProxy */ = {
			isa = PBXContainerItemProxy;
			containerPortal = BB93051926F327AA00B7674D /* Project object */;
			proxyType = 1;
			remoteGlobalIDString = BB93052026F327AA00B7674D;
			remoteInfo = "MVP-C";
		};
		BB93054326F327AC00B7674D /* PBXContainerItemProxy */ = {
			isa = PBXContainerItemProxy;
			containerPortal = BB93051926F327AA00B7674D /* Project object */;
			proxyType = 1;
			remoteGlobalIDString = BB93052026F327AA00B7674D;
			remoteInfo = "MVP-C";
		};
/* End PBXContainerItemProxy section */

/* Begin PBXFileReference section */
		210C09AC34D07D36C74A4FA4 /* Pods_MVP_CTests.framework */ = {isa = PBXFileReference; explicitFileType = wrapper.framework; includeInIndex = 0; path = Pods_MVP_CTests.framework; sourceTree = BUILT_PRODUCTS_DIR; };
		4B256E059E82F35B68DD15D0 /* Pods_MVP_C_MVP_CUITests.framework */ = {isa = PBXFileReference; explicitFileType = wrapper.framework; includeInIndex = 0; path = Pods_MVP_C_MVP_CUITests.framework; sourceTree = BUILT_PRODUCTS_DIR; };
		5B10EB511F961A5E0BE3D86B /* Pods-MVP-CTests.release.xcconfig */ = {isa = PBXFileReference; includeInIndex = 1; lastKnownFileType = text.xcconfig; name = "Pods-MVP-CTests.release.xcconfig"; path = "Target Support Files/Pods-MVP-CTests/Pods-MVP-CTests.release.xcconfig"; sourceTree = "<group>"; };
		6335EC21167C6AADFBA76888 /* Pods-MVP-C-MVP-CUITests.debug.xcconfig */ = {isa = PBXFileReference; includeInIndex = 1; lastKnownFileType = text.xcconfig; name = "Pods-MVP-C-MVP-CUITests.debug.xcconfig"; path = "Target Support Files/Pods-MVP-C-MVP-CUITests/Pods-MVP-C-MVP-CUITests.debug.xcconfig"; sourceTree = "<group>"; };
		7FDC082A12A73CD7A6BCB740 /* Pods-MVP-C.debug.xcconfig */ = {isa = PBXFileReference; includeInIndex = 1; lastKnownFileType = text.xcconfig; name = "Pods-MVP-C.debug.xcconfig"; path = "Target Support Files/Pods-MVP-C/Pods-MVP-C.debug.xcconfig"; sourceTree = "<group>"; };
		83D080A24D32336FD82FEE12 /* Pods_MVP_C.framework */ = {isa = PBXFileReference; explicitFileType = wrapper.framework; includeInIndex = 0; path = Pods_MVP_C.framework; sourceTree = BUILT_PRODUCTS_DIR; };
		AF9E4556D73A1F2099ABB440 /* Pods-MVP-C.release.xcconfig */ = {isa = PBXFileReference; includeInIndex = 1; lastKnownFileType = text.xcconfig; name = "Pods-MVP-C.release.xcconfig"; path = "Target Support Files/Pods-MVP-C/Pods-MVP-C.release.xcconfig"; sourceTree = "<group>"; };
		BB29D78326F794C900FE4210 /* ToursViewController.swift */ = {isa = PBXFileReference; lastKnownFileType = sourcecode.swift; path = ToursViewController.swift; sourceTree = "<group>"; };
		BB29D78526F7953E00FE4210 /* ToursDetailView.storyboard */ = {isa = PBXFileReference; lastKnownFileType = file.storyboard; path = ToursDetailView.storyboard; sourceTree = "<group>"; };
		BB4FF7F426F9F0A2006D2229 /* Transport.swift */ = {isa = PBXFileReference; lastKnownFileType = sourcecode.swift; path = Transport.swift; sourceTree = "<group>"; };
		BB62CC2726FA19450002706F /* TransportCollectionViewCell.swift */ = {isa = PBXFileReference; lastKnownFileType = sourcecode.swift; path = TransportCollectionViewCell.swift; sourceTree = "<group>"; };
		BB62CC2B26FA26D90002706F /* Hotel.swift */ = {isa = PBXFileReference; lastKnownFileType = sourcecode.swift; path = Hotel.swift; sourceTree = "<group>"; };
		BB6FB5D926F8A47800E0E4AF /* GastronomyDetailView.storyboard */ = {isa = PBXFileReference; lastKnownFileType = file.storyboard; path = GastronomyDetailView.storyboard; sourceTree = "<group>"; };
		BB6FB5DB26F8A49500E0E4AF /* TransportDetailView.storyboard */ = {isa = PBXFileReference; lastKnownFileType = file.storyboard; path = TransportDetailView.storyboard; sourceTree = "<group>"; };
		BB6FB5DD26F8A4A700E0E4AF /* HotelsDetailView.storyboard */ = {isa = PBXFileReference; lastKnownFileType = file.storyboard; path = HotelsDetailView.storyboard; sourceTree = "<group>"; };
		BB6FB5DF26F8A4B200E0E4AF /* ShopsDetailView.storyboard */ = {isa = PBXFileReference; lastKnownFileType = file.storyboard; path = ShopsDetailView.storyboard; sourceTree = "<group>"; };
		BB6FB5E126F8B34200E0E4AF /* GastronomyViewController.swift */ = {isa = PBXFileReference; lastKnownFileType = sourcecode.swift; path = GastronomyViewController.swift; sourceTree = "<group>"; };
		BB6FB5E326F8B35500E0E4AF /* TransportViewController.swift */ = {isa = PBXFileReference; lastKnownFileType = sourcecode.swift; path = TransportViewController.swift; sourceTree = "<group>"; };
		BB6FB5E526F8B36000E0E4AF /* HotelsViewController.swift */ = {isa = PBXFileReference; lastKnownFileType = sourcecode.swift; path = HotelsViewController.swift; sourceTree = "<group>"; };
		BB6FB5E726F8B36B00E0E4AF /* ShopsViewController.swift */ = {isa = PBXFileReference; lastKnownFileType = sourcecode.swift; path = ShopsViewController.swift; sourceTree = "<group>"; };
		BB6FB5E926F8B5D600E0E4AF /* InformationDetailView.storyboard */ = {isa = PBXFileReference; lastKnownFileType = file.storyboard; path = InformationDetailView.storyboard; sourceTree = "<group>"; };
		BB6FB5EB26F8B77900E0E4AF /* InformationViewController.swift */ = {isa = PBXFileReference; lastKnownFileType = sourcecode.swift; path = InformationViewController.swift; sourceTree = "<group>"; };
		BB6FB5F326F8DE1700E0E4AF /* R.generated.swift */ = {isa = PBXFileReference; fileEncoding = 4; lastKnownFileType = sourcecode.swift; path = R.generated.swift; sourceTree = SOURCE_ROOT; };
		BB6FB5F526F8EDE900E0E4AF /* CollectionViewCell.swift */ = {isa = PBXFileReference; lastKnownFileType = sourcecode.swift; path = CollectionViewCell.swift; sourceTree = "<group>"; };
		BB6FB5F726F8EF5300E0E4AF /* Information.swift */ = {isa = PBXFileReference; lastKnownFileType = sourcecode.swift; path = Information.swift; sourceTree = "<group>"; };
		BB93052126F327AA00B7674D /* MVP-C.app */ = {isa = PBXFileReference; explicitFileType = wrapper.application; includeInIndex = 0; path = "MVP-C.app"; sourceTree = BUILT_PRODUCTS_DIR; };
		BB93052426F327AA00B7674D /* AppDelegate.swift */ = {isa = PBXFileReference; lastKnownFileType = sourcecode.swift; path = AppDelegate.swift; sourceTree = "<group>"; };
		BB93052626F327AA00B7674D /* SceneDelegate.swift */ = {isa = PBXFileReference; lastKnownFileType = sourcecode.swift; path = SceneDelegate.swift; sourceTree = "<group>"; };
		BB93052826F327AA00B7674D /* ViewController.swift */ = {isa = PBXFileReference; lastKnownFileType = sourcecode.swift; path = ViewController.swift; sourceTree = "<group>"; };
		BB93052B26F327AA00B7674D /* Base */ = {isa = PBXFileReference; lastKnownFileType = file.storyboard; name = Base; path = Base.lproj/Main.storyboard; sourceTree = "<group>"; };
		BB93052D26F327AC00B7674D /* Assets.xcassets */ = {isa = PBXFileReference; lastKnownFileType = folder.assetcatalog; path = Assets.xcassets; sourceTree = "<group>"; };
		BB93053026F327AC00B7674D /* Base */ = {isa = PBXFileReference; lastKnownFileType = file.storyboard; name = Base; path = Base.lproj/LaunchScreen.storyboard; sourceTree = "<group>"; };
		BB93053226F327AC00B7674D /* Info.plist */ = {isa = PBXFileReference; lastKnownFileType = text.plist.xml; path = Info.plist; sourceTree = "<group>"; };
		BB93053726F327AC00B7674D /* MVP-CTests.xctest */ = {isa = PBXFileReference; explicitFileType = wrapper.cfbundle; includeInIndex = 0; path = "MVP-CTests.xctest"; sourceTree = BUILT_PRODUCTS_DIR; };
		BB93053B26F327AC00B7674D /* MVP_CTests.swift */ = {isa = PBXFileReference; lastKnownFileType = sourcecode.swift; path = MVP_CTests.swift; sourceTree = "<group>"; };
		BB93053D26F327AC00B7674D /* Info.plist */ = {isa = PBXFileReference; lastKnownFileType = text.plist.xml; path = Info.plist; sourceTree = "<group>"; };
		BB93054226F327AC00B7674D /* MVP-CUITests.xctest */ = {isa = PBXFileReference; explicitFileType = wrapper.cfbundle; includeInIndex = 0; path = "MVP-CUITests.xctest"; sourceTree = BUILT_PRODUCTS_DIR; };
		BB93054626F327AC00B7674D /* MVP_CUITests.swift */ = {isa = PBXFileReference; lastKnownFileType = sourcecode.swift; path = MVP_CUITests.swift; sourceTree = "<group>"; };
		BB93054826F327AC00B7674D /* Info.plist */ = {isa = PBXFileReference; lastKnownFileType = text.plist.xml; path = Info.plist; sourceTree = "<group>"; };
		BB93055726F3280700B7674D /* MainCoordinator.swift */ = {isa = PBXFileReference; lastKnownFileType = sourcecode.swift; path = MainCoordinator.swift; sourceTree = "<group>"; };
		BB93055926F328DB00B7674D /* Storyboarded.swift */ = {isa = PBXFileReference; lastKnownFileType = sourcecode.swift; path = Storyboarded.swift; sourceTree = "<group>"; };
		BB93055B26F3325800B7674D /* PresenterHomeView.swift */ = {isa = PBXFileReference; lastKnownFileType = sourcecode.swift; path = PresenterHomeView.swift; sourceTree = "<group>"; };
		BB93055E26F336FA00B7674D /* DetailViewController.swift */ = {isa = PBXFileReference; lastKnownFileType = sourcecode.swift; path = DetailViewController.swift; sourceTree = "<group>"; };
		BB93056526F3AC5200B7674D /* DetailViewPresenter.swift */ = {isa = PBXFileReference; lastKnownFileType = sourcecode.swift; path = DetailViewPresenter.swift; sourceTree = "<group>"; };
		D8677E1D26F4933E00F65A1A /* DetailCoordinator.swift */ = {isa = PBXFileReference; lastKnownFileType = sourcecode.swift; path = DetailCoordinator.swift; sourceTree = "<group>"; };
		ED17AD394B541FB21DA7009B /* Pods-MVP-C-MVP-CUITests.release.xcconfig */ = {isa = PBXFileReference; includeInIndex = 1; lastKnownFileType = text.xcconfig; name = "Pods-MVP-C-MVP-CUITests.release.xcconfig"; path = "Target Support Files/Pods-MVP-C-MVP-CUITests/Pods-MVP-C-MVP-CUITests.release.xcconfig"; sourceTree = "<group>"; };
		F42047C404C9A003FF8B3CD9 /* Pods-MVP-CTests.debug.xcconfig */ = {isa = PBXFileReference; includeInIndex = 1; lastKnownFileType = text.xcconfig; name = "Pods-MVP-CTests.debug.xcconfig"; path = "Target Support Files/Pods-MVP-CTests/Pods-MVP-CTests.debug.xcconfig"; sourceTree = "<group>"; };
/* End PBXFileReference section */

/* Begin PBXFrameworksBuildPhase section */
		BB93051E26F327AA00B7674D /* Frameworks */ = {
			isa = PBXFrameworksBuildPhase;
			buildActionMask = 2147483647;
			files = (
				6EC16056206AB8271536235D /* Pods_MVP_C.framework in Frameworks */,
			);
			runOnlyForDeploymentPostprocessing = 0;
		};
		BB93053426F327AC00B7674D /* Frameworks */ = {
			isa = PBXFrameworksBuildPhase;
			buildActionMask = 2147483647;
			files = (
				490E800366BDBF31B7F693F2 /* Pods_MVP_CTests.framework in Frameworks */,
			);
			runOnlyForDeploymentPostprocessing = 0;
		};
		BB93053F26F327AC00B7674D /* Frameworks */ = {
			isa = PBXFrameworksBuildPhase;
			buildActionMask = 2147483647;
			files = (
				8B70AD3F252E3AF24B758953 /* Pods_MVP_C_MVP_CUITests.framework in Frameworks */,
			);
			runOnlyForDeploymentPostprocessing = 0;
		};
/* End PBXFrameworksBuildPhase section */

/* Begin PBXGroup section */
		426537794D50074F84759EF3 /* Pods */ = {
			isa = PBXGroup;
			children = (
				7FDC082A12A73CD7A6BCB740 /* Pods-MVP-C.debug.xcconfig */,
				AF9E4556D73A1F2099ABB440 /* Pods-MVP-C.release.xcconfig */,
				6335EC21167C6AADFBA76888 /* Pods-MVP-C-MVP-CUITests.debug.xcconfig */,
				ED17AD394B541FB21DA7009B /* Pods-MVP-C-MVP-CUITests.release.xcconfig */,
				F42047C404C9A003FF8B3CD9 /* Pods-MVP-CTests.debug.xcconfig */,
				5B10EB511F961A5E0BE3D86B /* Pods-MVP-CTests.release.xcconfig */,
			);
			path = Pods;
			sourceTree = "<group>";
		};
		9366877E3866CDDE9882707B /* Frameworks */ = {
			isa = PBXGroup;
			children = (
				83D080A24D32336FD82FEE12 /* Pods_MVP_C.framework */,
				4B256E059E82F35B68DD15D0 /* Pods_MVP_C_MVP_CUITests.framework */,
				210C09AC34D07D36C74A4FA4 /* Pods_MVP_CTests.framework */,
			);
			name = Frameworks;
			sourceTree = "<group>";
		};
		BB29D78226F7949400FE4210 /* ToursDetailView */ = {
			isa = PBXGroup;
			children = (
				BB29D78326F794C900FE4210 /* ToursViewController.swift */,
				BB29D78526F7953E00FE4210 /* ToursDetailView.storyboard */,
			);
			path = ToursDetailView;
			sourceTree = "<group>";
		};
		BB6FB5D526F8A40800E0E4AF /* GastronomyDetailView */ = {
			isa = PBXGroup;
			children = (
				BB6FB5D926F8A47800E0E4AF /* GastronomyDetailView.storyboard */,
				BB6FB5E126F8B34200E0E4AF /* GastronomyViewController.swift */,
			);
			path = GastronomyDetailView;
			sourceTree = "<group>";
		};
		BB6FB5D626F8A42F00E0E4AF /* TransportDetailView */ = {
			isa = PBXGroup;
			children = (
				BB6FB5DB26F8A49500E0E4AF /* TransportDetailView.storyboard */,
				BB6FB5E326F8B35500E0E4AF /* TransportViewController.swift */,
				BB4FF7F426F9F0A2006D2229 /* Transport.swift */,
				BB62CC2726FA19450002706F /* TransportCollectionViewCell.swift */,
			);
			path = TransportDetailView;
			sourceTree = "<group>";
		};
		BB6FB5D726F8A43E00E0E4AF /* HotelsDetailView */ = {
			isa = PBXGroup;
			children = (
				BB6FB5DD26F8A4A700E0E4AF /* HotelsDetailView.storyboard */,
				BB6FB5E526F8B36000E0E4AF /* HotelsViewController.swift */,
				BB62CC2B26FA26D90002706F /* Hotel.swift */,
			);
			path = HotelsDetailView;
			sourceTree = "<group>";
		};
		BB6FB5D826F8A45100E0E4AF /* ShopsDetailView */ = {
			isa = PBXGroup;
			children = (
				BB6FB5DF26F8A4B200E0E4AF /* ShopsDetailView.storyboard */,
				BB6FB5E726F8B36B00E0E4AF /* ShopsViewController.swift */,
			);
			path = ShopsDetailView;
			sourceTree = "<group>";
		};
		BB6FB5F226F8DDDD00E0E4AF /* Resources */ = {
			isa = PBXGroup;
			children = (
				BB6FB5F326F8DE1700E0E4AF /* R.generated.swift */,
			);
			path = Resources;
			sourceTree = "<group>";
		};
		BB93051826F327AA00B7674D = {
			isa = PBXGroup;
			children = (
				BB93052326F327AA00B7674D /* MVP-C */,
				BB93053A26F327AC00B7674D /* MVP-CTests */,
				BB93054526F327AC00B7674D /* MVP-CUITests */,
				BB93052226F327AA00B7674D /* Products */,
				426537794D50074F84759EF3 /* Pods */,
				9366877E3866CDDE9882707B /* Frameworks */,
			);
			sourceTree = "<group>";
		};
		BB93052226F327AA00B7674D /* Products */ = {
			isa = PBXGroup;
			children = (
				BB93052126F327AA00B7674D /* MVP-C.app */,
				BB93053726F327AC00B7674D /* MVP-CTests.xctest */,
				BB93054226F327AC00B7674D /* MVP-CUITests.xctest */,
			);
			name = Products;
			sourceTree = "<group>";
		};
		BB93052326F327AA00B7674D /* MVP-C */ = {
			isa = PBXGroup;
			children = (
				BB6FB5F226F8DDDD00E0E4AF /* Resources */,
				BB6FB5D826F8A45100E0E4AF /* ShopsDetailView */,
				BB6FB5D726F8A43E00E0E4AF /* HotelsDetailView */,
				BB6FB5D626F8A42F00E0E4AF /* TransportDetailView */,
				BB6FB5D526F8A40800E0E4AF /* GastronomyDetailView */,
				BB29D78226F7949400FE4210 /* ToursDetailView */,
				BB93056226F3AB1C00B7674D /* InformationDetailView */,
				BB93055D26F336E400B7674D /* DetailView */,
				BB93055626F327F200B7674D /* HomeView */,
				BB93055426F327BE00B7674D /* Coordinator */,
				BB93052A26F327AA00B7674D /* Main.storyboard */,
				BB93052426F327AA00B7674D /* AppDelegate.swift */,
				BB93052626F327AA00B7674D /* SceneDelegate.swift */,
				BB93052D26F327AC00B7674D /* Assets.xcassets */,
				BB93052F26F327AC00B7674D /* LaunchScreen.storyboard */,
				BB93053226F327AC00B7674D /* Info.plist */,
			);
			path = "MVP-C";
			sourceTree = "<group>";
		};
		BB93053A26F327AC00B7674D /* MVP-CTests */ = {
			isa = PBXGroup;
			children = (
				BB93053B26F327AC00B7674D /* MVP_CTests.swift */,
				BB93053D26F327AC00B7674D /* Info.plist */,
			);
			path = "MVP-CTests";
			sourceTree = "<group>";
		};
		BB93054526F327AC00B7674D /* MVP-CUITests */ = {
			isa = PBXGroup;
			children = (
				BB93054626F327AC00B7674D /* MVP_CUITests.swift */,
				BB93054826F327AC00B7674D /* Info.plist */,
			);
			path = "MVP-CUITests";
			sourceTree = "<group>";
		};
		BB93055426F327BE00B7674D /* Coordinator */ = {
			isa = PBXGroup;
			children = (
				BB93055726F3280700B7674D /* MainCoordinator.swift */,
				BB93055926F328DB00B7674D /* Storyboarded.swift */,
				D8677E1D26F4933E00F65A1A /* DetailCoordinator.swift */,
			);
			path = Coordinator;
			sourceTree = "<group>";
		};
		BB93055626F327F200B7674D /* HomeView */ = {
			isa = PBXGroup;
			children = (
				BB93052826F327AA00B7674D /* ViewController.swift */,
				BB93055B26F3325800B7674D /* PresenterHomeView.swift */,
			);
			path = HomeView;
			sourceTree = "<group>";
		};
		BB93055D26F336E400B7674D /* DetailView */ = {
			isa = PBXGroup;
			children = (
				BB93055E26F336FA00B7674D /* DetailViewController.swift */,
				BB93056526F3AC5200B7674D /* DetailViewPresenter.swift */,
			);
			path = DetailView;
			sourceTree = "<group>";
		};
		BB93056226F3AB1C00B7674D /* InformationDetailView */ = {
			isa = PBXGroup;
			children = (
				BB6FB5E926F8B5D600E0E4AF /* InformationDetailView.storyboard */,
				BB6FB5EB26F8B77900E0E4AF /* InformationViewController.swift */,
				BB6FB5F526F8EDE900E0E4AF /* CollectionViewCell.swift */,
				BB6FB5F726F8EF5300E0E4AF /* Information.swift */,
			);
			path = InformationDetailView;
			sourceTree = "<group>";
		};
/* End PBXGroup section */

/* Begin PBXNativeTarget section */
		BB93052026F327AA00B7674D /* MVP-C */ = {
			isa = PBXNativeTarget;
			buildConfigurationList = BB93054B26F327AC00B7674D /* Build configuration list for PBXNativeTarget "MVP-C" */;
			buildPhases = (
				BB6FB5F126F8DD2E00E0E4AF /* RSwift */,
				1FA1A1856190ADDA3E113656 /* [CP] Check Pods Manifest.lock */,
				BB93051D26F327AA00B7674D /* Sources */,
				BB93051E26F327AA00B7674D /* Frameworks */,
				BB93051F26F327AA00B7674D /* Resources */,
				079E71F8093A6E07DF51B821 /* [CP] Embed Pods Frameworks */,
			);
			buildRules = (
			);
			dependencies = (
			);
			name = "MVP-C";
			productName = "MVP-C";
			productReference = BB93052126F327AA00B7674D /* MVP-C.app */;
			productType = "com.apple.product-type.application";
		};
		BB93053626F327AC00B7674D /* MVP-CTests */ = {
			isa = PBXNativeTarget;
			buildConfigurationList = BB93054E26F327AC00B7674D /* Build configuration list for PBXNativeTarget "MVP-CTests" */;
			buildPhases = (
				ECA64EA0E8FA8F17F83BEDAA /* [CP] Check Pods Manifest.lock */,
				BB93053326F327AC00B7674D /* Sources */,
				BB93053426F327AC00B7674D /* Frameworks */,
				BB93053526F327AC00B7674D /* Resources */,
			);
			buildRules = (
			);
			dependencies = (
				BB93053926F327AC00B7674D /* PBXTargetDependency */,
			);
			name = "MVP-CTests";
			productName = "MVP-CTests";
			productReference = BB93053726F327AC00B7674D /* MVP-CTests.xctest */;
			productType = "com.apple.product-type.bundle.unit-test";
		};
		BB93054126F327AC00B7674D /* MVP-CUITests */ = {
			isa = PBXNativeTarget;
			buildConfigurationList = BB93055126F327AC00B7674D /* Build configuration list for PBXNativeTarget "MVP-CUITests" */;
			buildPhases = (
				0B370CFD9EE994776685D7B1 /* [CP] Check Pods Manifest.lock */,
				BB93053E26F327AC00B7674D /* Sources */,
				BB93053F26F327AC00B7674D /* Frameworks */,
				BB93054026F327AC00B7674D /* Resources */,
				3EC4843525DFEF56E9BF3500 /* [CP] Embed Pods Frameworks */,
			);
			buildRules = (
			);
			dependencies = (
				BB93054426F327AC00B7674D /* PBXTargetDependency */,
			);
			name = "MVP-CUITests";
			productName = "MVP-CUITests";
			productReference = BB93054226F327AC00B7674D /* MVP-CUITests.xctest */;
			productType = "com.apple.product-type.bundle.ui-testing";
		};
/* End PBXNativeTarget section */

/* Begin PBXProject section */
		BB93051926F327AA00B7674D /* Project object */ = {
			isa = PBXProject;
			attributes = {
				LastSwiftUpdateCheck = 1250;
				LastUpgradeCheck = 1250;
				TargetAttributes = {
					BB93052026F327AA00B7674D = {
						CreatedOnToolsVersion = 12.5;
					};
					BB93053626F327AC00B7674D = {
						CreatedOnToolsVersion = 12.5;
						TestTargetID = BB93052026F327AA00B7674D;
					};
					BB93054126F327AC00B7674D = {
						CreatedOnToolsVersion = 12.5;
						TestTargetID = BB93052026F327AA00B7674D;
					};
				};
			};
			buildConfigurationList = BB93051C26F327AA00B7674D /* Build configuration list for PBXProject "MVP-C" */;
			compatibilityVersion = "Xcode 9.3";
			developmentRegion = en;
			hasScannedForEncodings = 0;
			knownRegions = (
				en,
				Base,
			);
			mainGroup = BB93051826F327AA00B7674D;
			productRefGroup = BB93052226F327AA00B7674D /* Products */;
			projectDirPath = "";
			projectRoot = "";
			targets = (
				BB93052026F327AA00B7674D /* MVP-C */,
				BB93053626F327AC00B7674D /* MVP-CTests */,
				BB93054126F327AC00B7674D /* MVP-CUITests */,
			);
		};
/* End PBXProject section */

/* Begin PBXResourcesBuildPhase section */
		BB93051F26F327AA00B7674D /* Resources */ = {
			isa = PBXResourcesBuildPhase;
			buildActionMask = 2147483647;
			files = (
				BB6FB5DA26F8A47800E0E4AF /* GastronomyDetailView.storyboard in Resources */,
				BB29D78626F7953E00FE4210 /* ToursDetailView.storyboard in Resources */,
				BB6FB5EA26F8B5D600E0E4AF /* InformationDetailView.storyboard in Resources */,
				BB93053126F327AC00B7674D /* LaunchScreen.storyboard in Resources */,
				BB93052E26F327AC00B7674D /* Assets.xcassets in Resources */,
				BB6FB5E026F8A4B200E0E4AF /* ShopsDetailView.storyboard in Resources */,
				BB6FB5DC26F8A49500E0E4AF /* TransportDetailView.storyboard in Resources */,
				BB93052C26F327AA00B7674D /* Main.storyboard in Resources */,
				BB6FB5DE26F8A4A700E0E4AF /* HotelsDetailView.storyboard in Resources */,
			);
			runOnlyForDeploymentPostprocessing = 0;
		};
		BB93053526F327AC00B7674D /* Resources */ = {
			isa = PBXResourcesBuildPhase;
			buildActionMask = 2147483647;
			files = (
			);
			runOnlyForDeploymentPostprocessing = 0;
		};
		BB93054026F327AC00B7674D /* Resources */ = {
			isa = PBXResourcesBuildPhase;
			buildActionMask = 2147483647;
			files = (
			);
			runOnlyForDeploymentPostprocessing = 0;
		};
/* End PBXResourcesBuildPhase section */

/* Begin PBXShellScriptBuildPhase section */
		079E71F8093A6E07DF51B821 /* [CP] Embed Pods Frameworks */ = {
			isa = PBXShellScriptBuildPhase;
			buildActionMask = 2147483647;
			files = (
			);
			inputFileListPaths = (
				"${PODS_ROOT}/Target Support Files/Pods-MVP-C/Pods-MVP-C-frameworks-${CONFIGURATION}-input-files.xcfilelist",
			);
			name = "[CP] Embed Pods Frameworks";
			outputFileListPaths = (
				"${PODS_ROOT}/Target Support Files/Pods-MVP-C/Pods-MVP-C-frameworks-${CONFIGURATION}-output-files.xcfilelist",
			);
			runOnlyForDeploymentPostprocessing = 0;
			shellPath = /bin/sh;
			shellScript = "\"${PODS_ROOT}/Target Support Files/Pods-MVP-C/Pods-MVP-C-frameworks.sh\"\n";
			showEnvVarsInLog = 0;
		};
		0B370CFD9EE994776685D7B1 /* [CP] Check Pods Manifest.lock */ = {
			isa = PBXShellScriptBuildPhase;
			buildActionMask = 2147483647;
			files = (
			);
			inputFileListPaths = (
			);
			inputPaths = (
				"${PODS_PODFILE_DIR_PATH}/Podfile.lock",
				"${PODS_ROOT}/Manifest.lock",
			);
			name = "[CP] Check Pods Manifest.lock";
			outputFileListPaths = (
			);
			outputPaths = (
				"$(DERIVED_FILE_DIR)/Pods-MVP-C-MVP-CUITests-checkManifestLockResult.txt",
			);
			runOnlyForDeploymentPostprocessing = 0;
			shellPath = /bin/sh;
			shellScript = "diff \"${PODS_PODFILE_DIR_PATH}/Podfile.lock\" \"${PODS_ROOT}/Manifest.lock\" > /dev/null\nif [ $? != 0 ] ; then\n    # print error to STDERR\n    echo \"error: The sandbox is not in sync with the Podfile.lock. Run 'pod install' or update your CocoaPods installation.\" >&2\n    exit 1\nfi\n# This output is used by Xcode 'outputs' to avoid re-running this script phase.\necho \"SUCCESS\" > \"${SCRIPT_OUTPUT_FILE_0}\"\n";
			showEnvVarsInLog = 0;
		};
		1FA1A1856190ADDA3E113656 /* [CP] Check Pods Manifest.lock */ = {
			isa = PBXShellScriptBuildPhase;
			buildActionMask = 2147483647;
			files = (
			);
			inputFileListPaths = (
			);
			inputPaths = (
				"${PODS_PODFILE_DIR_PATH}/Podfile.lock",
				"${PODS_ROOT}/Manifest.lock",
			);
			name = "[CP] Check Pods Manifest.lock";
			outputFileListPaths = (
			);
			outputPaths = (
				"$(DERIVED_FILE_DIR)/Pods-MVP-C-checkManifestLockResult.txt",
			);
			runOnlyForDeploymentPostprocessing = 0;
			shellPath = /bin/sh;
			shellScript = "diff \"${PODS_PODFILE_DIR_PATH}/Podfile.lock\" \"${PODS_ROOT}/Manifest.lock\" > /dev/null\nif [ $? != 0 ] ; then\n    # print error to STDERR\n    echo \"error: The sandbox is not in sync with the Podfile.lock. Run 'pod install' or update your CocoaPods installation.\" >&2\n    exit 1\nfi\n# This output is used by Xcode 'outputs' to avoid re-running this script phase.\necho \"SUCCESS\" > \"${SCRIPT_OUTPUT_FILE_0}\"\n";
			showEnvVarsInLog = 0;
		};
		3EC4843525DFEF56E9BF3500 /* [CP] Embed Pods Frameworks */ = {
			isa = PBXShellScriptBuildPhase;
			buildActionMask = 2147483647;
			files = (
			);
			inputFileListPaths = (
				"${PODS_ROOT}/Target Support Files/Pods-MVP-C-MVP-CUITests/Pods-MVP-C-MVP-CUITests-frameworks-${CONFIGURATION}-input-files.xcfilelist",
			);
			name = "[CP] Embed Pods Frameworks";
			outputFileListPaths = (
				"${PODS_ROOT}/Target Support Files/Pods-MVP-C-MVP-CUITests/Pods-MVP-C-MVP-CUITests-frameworks-${CONFIGURATION}-output-files.xcfilelist",
			);
			runOnlyForDeploymentPostprocessing = 0;
			shellPath = /bin/sh;
			shellScript = "\"${PODS_ROOT}/Target Support Files/Pods-MVP-C-MVP-CUITests/Pods-MVP-C-MVP-CUITests-frameworks.sh\"\n";
			showEnvVarsInLog = 0;
		};
		BB6FB5F126F8DD2E00E0E4AF /* RSwift */ = {
			isa = PBXShellScriptBuildPhase;
			buildActionMask = 2147483647;
			files = (
			);
			inputFileListPaths = (
			);
			inputPaths = (
				"$TEMP_DIR/rswift-lastrun",
			);
			name = RSwift;
			outputFileListPaths = (
			);
			outputPaths = (
				$SRCROOT/R.generated.swift,
			);
			runOnlyForDeploymentPostprocessing = 0;
			shellPath = /bin/sh;
			shellScript = "\"$PODS_ROOT/R.swift/rswift\" generate \"$SRCROOT/R.generated.swift\"\n";
		};
		ECA64EA0E8FA8F17F83BEDAA /* [CP] Check Pods Manifest.lock */ = {
			isa = PBXShellScriptBuildPhase;
			buildActionMask = 2147483647;
			files = (
			);
			inputFileListPaths = (
			);
			inputPaths = (
				"${PODS_PODFILE_DIR_PATH}/Podfile.lock",
				"${PODS_ROOT}/Manifest.lock",
			);
			name = "[CP] Check Pods Manifest.lock";
			outputFileListPaths = (
			);
			outputPaths = (
				"$(DERIVED_FILE_DIR)/Pods-MVP-CTests-checkManifestLockResult.txt",
			);
			runOnlyForDeploymentPostprocessing = 0;
			shellPath = /bin/sh;
			shellScript = "diff \"${PODS_PODFILE_DIR_PATH}/Podfile.lock\" \"${PODS_ROOT}/Manifest.lock\" > /dev/null\nif [ $? != 0 ] ; then\n    # print error to STDERR\n    echo \"error: The sandbox is not in sync with the Podfile.lock. Run 'pod install' or update your CocoaPods installation.\" >&2\n    exit 1\nfi\n# This output is used by Xcode 'outputs' to avoid re-running this script phase.\necho \"SUCCESS\" > \"${SCRIPT_OUTPUT_FILE_0}\"\n";
			showEnvVarsInLog = 0;
		};
/* End PBXShellScriptBuildPhase section */

/* Begin PBXSourcesBuildPhase section */
		BB93051D26F327AA00B7674D /* Sources */ = {
			isa = PBXSourcesBuildPhase;
			buildActionMask = 2147483647;
			files = (
				BB6FB5F826F8EF5300E0E4AF /* Information.swift in Sources */,
				BB93052926F327AA00B7674D /* ViewController.swift in Sources */,
				BB93055C26F3325800B7674D /* PresenterHomeView.swift in Sources */,
				BB6FB5F626F8EDE900E0E4AF /* CollectionViewCell.swift in Sources */,
				BB29D78426F794C900FE4210 /* ToursViewController.swift in Sources */,
				BB6FB5E626F8B36000E0E4AF /* HotelsViewController.swift in Sources */,
				BB93055826F3280700B7674D /* MainCoordinator.swift in Sources */,
				BB4FF7F526F9F0A2006D2229 /* Transport.swift in Sources */,
				D8677E1E26F4933E00F65A1A /* DetailCoordinator.swift in Sources */,
				BB93056626F3AC5200B7674D /* DetailViewPresenter.swift in Sources */,
				BB62CC2C26FA26D90002706F /* Hotel.swift in Sources */,
				BB6FB5F426F8DE1700E0E4AF /* R.generated.swift in Sources */,
				BB6FB5E226F8B34200E0E4AF /* GastronomyViewController.swift in Sources */,
				BB93055A26F328DB00B7674D /* Storyboarded.swift in Sources */,
				BB6FB5E426F8B35500E0E4AF /* TransportViewController.swift in Sources */,
				BB93052526F327AA00B7674D /* AppDelegate.swift in Sources */,
				BB93052726F327AA00B7674D /* SceneDelegate.swift in Sources */,
				BB62CC2826FA19450002706F /* TransportCollectionViewCell.swift in Sources */,
				BB6FB5E826F8B36B00E0E4AF /* ShopsViewController.swift in Sources */,
				BB93055F26F336FA00B7674D /* DetailViewController.swift in Sources */,
				BB6FB5EC26F8B77900E0E4AF /* InformationViewController.swift in Sources */,
			);
			runOnlyForDeploymentPostprocessing = 0;
		};
		BB93053326F327AC00B7674D /* Sources */ = {
			isa = PBXSourcesBuildPhase;
			buildActionMask = 2147483647;
			files = (
				BB93053C26F327AC00B7674D /* MVP_CTests.swift in Sources */,
			);
			runOnlyForDeploymentPostprocessing = 0;
		};
		BB93053E26F327AC00B7674D /* Sources */ = {
			isa = PBXSourcesBuildPhase;
			buildActionMask = 2147483647;
			files = (
				BB93054726F327AC00B7674D /* MVP_CUITests.swift in Sources */,
			);
			runOnlyForDeploymentPostprocessing = 0;
		};
/* End PBXSourcesBuildPhase section */

/* Begin PBXTargetDependency section */
		BB93053926F327AC00B7674D /* PBXTargetDependency */ = {
			isa = PBXTargetDependency;
			target = BB93052026F327AA00B7674D /* MVP-C */;
			targetProxy = BB93053826F327AC00B7674D /* PBXContainerItemProxy */;
		};
		BB93054426F327AC00B7674D /* PBXTargetDependency */ = {
			isa = PBXTargetDependency;
			target = BB93052026F327AA00B7674D /* MVP-C */;
			targetProxy = BB93054326F327AC00B7674D /* PBXContainerItemProxy */;
		};
/* End PBXTargetDependency section */

/* Begin PBXVariantGroup section */
		BB93052A26F327AA00B7674D /* Main.storyboard */ = {
			isa = PBXVariantGroup;
			children = (
				BB93052B26F327AA00B7674D /* Base */,
			);
			name = Main.storyboard;
			sourceTree = "<group>";
		};
		BB93052F26F327AC00B7674D /* LaunchScreen.storyboard */ = {
			isa = PBXVariantGroup;
			children = (
				BB93053026F327AC00B7674D /* Base */,
			);
			name = LaunchScreen.storyboard;
			sourceTree = "<group>";
		};
/* End PBXVariantGroup section */

/* Begin XCBuildConfiguration section */
		BB93054926F327AC00B7674D /* Debug */ = {
			isa = XCBuildConfiguration;
			buildSettings = {
				ALWAYS_SEARCH_USER_PATHS = NO;
				CLANG_ANALYZER_NONNULL = YES;
				CLANG_ANALYZER_NUMBER_OBJECT_CONVERSION = YES_AGGRESSIVE;
				CLANG_CXX_LANGUAGE_STANDARD = "gnu++14";
				CLANG_CXX_LIBRARY = "libc++";
				CLANG_ENABLE_MODULES = YES;
				CLANG_ENABLE_OBJC_ARC = YES;
				CLANG_ENABLE_OBJC_WEAK = YES;
				CLANG_WARN_BLOCK_CAPTURE_AUTORELEASING = YES;
				CLANG_WARN_BOOL_CONVERSION = YES;
				CLANG_WARN_COMMA = YES;
				CLANG_WARN_CONSTANT_CONVERSION = YES;
				CLANG_WARN_DEPRECATED_OBJC_IMPLEMENTATIONS = YES;
				CLANG_WARN_DIRECT_OBJC_ISA_USAGE = YES_ERROR;
				CLANG_WARN_DOCUMENTATION_COMMENTS = YES;
				CLANG_WARN_EMPTY_BODY = YES;
				CLANG_WARN_ENUM_CONVERSION = YES;
				CLANG_WARN_INFINITE_RECURSION = YES;
				CLANG_WARN_INT_CONVERSION = YES;
				CLANG_WARN_NON_LITERAL_NULL_CONVERSION = YES;
				CLANG_WARN_OBJC_IMPLICIT_RETAIN_SELF = YES;
				CLANG_WARN_OBJC_LITERAL_CONVERSION = YES;
				CLANG_WARN_OBJC_ROOT_CLASS = YES_ERROR;
				CLANG_WARN_QUOTED_INCLUDE_IN_FRAMEWORK_HEADER = YES;
				CLANG_WARN_RANGE_LOOP_ANALYSIS = YES;
				CLANG_WARN_STRICT_PROTOTYPES = YES;
				CLANG_WARN_SUSPICIOUS_MOVE = YES;
				CLANG_WARN_UNGUARDED_AVAILABILITY = YES_AGGRESSIVE;
				CLANG_WARN_UNREACHABLE_CODE = YES;
				CLANG_WARN__DUPLICATE_METHOD_MATCH = YES;
				COPY_PHASE_STRIP = NO;
				DEBUG_INFORMATION_FORMAT = dwarf;
				ENABLE_STRICT_OBJC_MSGSEND = YES;
				ENABLE_TESTABILITY = YES;
				GCC_C_LANGUAGE_STANDARD = gnu11;
				GCC_DYNAMIC_NO_PIC = NO;
				GCC_NO_COMMON_BLOCKS = YES;
				GCC_OPTIMIZATION_LEVEL = 0;
				GCC_PREPROCESSOR_DEFINITIONS = (
					"DEBUG=1",
					"$(inherited)",
				);
				GCC_WARN_64_TO_32_BIT_CONVERSION = YES;
				GCC_WARN_ABOUT_RETURN_TYPE = YES_ERROR;
				GCC_WARN_UNDECLARED_SELECTOR = YES;
				GCC_WARN_UNINITIALIZED_AUTOS = YES_AGGRESSIVE;
				GCC_WARN_UNUSED_FUNCTION = YES;
				GCC_WARN_UNUSED_VARIABLE = YES;
				IPHONEOS_DEPLOYMENT_TARGET = 14.5;
				MTL_ENABLE_DEBUG_INFO = INCLUDE_SOURCE;
				MTL_FAST_MATH = YES;
				ONLY_ACTIVE_ARCH = YES;
				SDKROOT = iphoneos;
				SWIFT_ACTIVE_COMPILATION_CONDITIONS = DEBUG;
				SWIFT_OPTIMIZATION_LEVEL = "-Onone";
			};
			name = Debug;
		};
		BB93054A26F327AC00B7674D /* Release */ = {
			isa = XCBuildConfiguration;
			buildSettings = {
				ALWAYS_SEARCH_USER_PATHS = NO;
				CLANG_ANALYZER_NONNULL = YES;
				CLANG_ANALYZER_NUMBER_OBJECT_CONVERSION = YES_AGGRESSIVE;
				CLANG_CXX_LANGUAGE_STANDARD = "gnu++14";
				CLANG_CXX_LIBRARY = "libc++";
				CLANG_ENABLE_MODULES = YES;
				CLANG_ENABLE_OBJC_ARC = YES;
				CLANG_ENABLE_OBJC_WEAK = YES;
				CLANG_WARN_BLOCK_CAPTURE_AUTORELEASING = YES;
				CLANG_WARN_BOOL_CONVERSION = YES;
				CLANG_WARN_COMMA = YES;
				CLANG_WARN_CONSTANT_CONVERSION = YES;
				CLANG_WARN_DEPRECATED_OBJC_IMPLEMENTATIONS = YES;
				CLANG_WARN_DIRECT_OBJC_ISA_USAGE = YES_ERROR;
				CLANG_WARN_DOCUMENTATION_COMMENTS = YES;
				CLANG_WARN_EMPTY_BODY = YES;
				CLANG_WARN_ENUM_CONVERSION = YES;
				CLANG_WARN_INFINITE_RECURSION = YES;
				CLANG_WARN_INT_CONVERSION = YES;
				CLANG_WARN_NON_LITERAL_NULL_CONVERSION = YES;
				CLANG_WARN_OBJC_IMPLICIT_RETAIN_SELF = YES;
				CLANG_WARN_OBJC_LITERAL_CONVERSION = YES;
				CLANG_WARN_OBJC_ROOT_CLASS = YES_ERROR;
				CLANG_WARN_QUOTED_INCLUDE_IN_FRAMEWORK_HEADER = YES;
				CLANG_WARN_RANGE_LOOP_ANALYSIS = YES;
				CLANG_WARN_STRICT_PROTOTYPES = YES;
				CLANG_WARN_SUSPICIOUS_MOVE = YES;
				CLANG_WARN_UNGUARDED_AVAILABILITY = YES_AGGRESSIVE;
				CLANG_WARN_UNREACHABLE_CODE = YES;
				CLANG_WARN__DUPLICATE_METHOD_MATCH = YES;
				COPY_PHASE_STRIP = NO;
				DEBUG_INFORMATION_FORMAT = "dwarf-with-dsym";
				ENABLE_NS_ASSERTIONS = NO;
				ENABLE_STRICT_OBJC_MSGSEND = YES;
				GCC_C_LANGUAGE_STANDARD = gnu11;
				GCC_NO_COMMON_BLOCKS = YES;
				GCC_WARN_64_TO_32_BIT_CONVERSION = YES;
				GCC_WARN_ABOUT_RETURN_TYPE = YES_ERROR;
				GCC_WARN_UNDECLARED_SELECTOR = YES;
				GCC_WARN_UNINITIALIZED_AUTOS = YES_AGGRESSIVE;
				GCC_WARN_UNUSED_FUNCTION = YES;
				GCC_WARN_UNUSED_VARIABLE = YES;
				IPHONEOS_DEPLOYMENT_TARGET = 14.5;
				MTL_ENABLE_DEBUG_INFO = NO;
				MTL_FAST_MATH = YES;
				SDKROOT = iphoneos;
				SWIFT_COMPILATION_MODE = wholemodule;
				SWIFT_OPTIMIZATION_LEVEL = "-O";
				VALIDATE_PRODUCT = YES;
			};
			name = Release;
		};
		BB93054C26F327AC00B7674D /* Debug */ = {
			isa = XCBuildConfiguration;
			baseConfigurationReference = 7FDC082A12A73CD7A6BCB740 /* Pods-MVP-C.debug.xcconfig */;
			buildSettings = {
				ASSETCATALOG_COMPILER_APPICON_NAME = AppIcon;
				ASSETCATALOG_COMPILER_GLOBAL_ACCENT_COLOR_NAME = AccentColor;
				CODE_SIGN_STYLE = Automatic;
				DEVELOPMENT_TEAM = G7W2ANVLD3;
				INFOPLIST_FILE = "MVP-C/Info.plist";
				LD_RUNPATH_SEARCH_PATHS = (
					"$(inherited)",
					"@executable_path/Frameworks",
				);
				PRODUCT_BUNDLE_IDENTIFIER = "mvp-c.MVP-C";
				PRODUCT_NAME = "$(TARGET_NAME)";
				SWIFT_VERSION = 5.0;
				TARGETED_DEVICE_FAMILY = "1,2";
			};
			name = Debug;
		};
		BB93054D26F327AC00B7674D /* Release */ = {
			isa = XCBuildConfiguration;
			baseConfigurationReference = AF9E4556D73A1F2099ABB440 /* Pods-MVP-C.release.xcconfig */;
			buildSettings = {
				ASSETCATALOG_COMPILER_APPICON_NAME = AppIcon;
				ASSETCATALOG_COMPILER_GLOBAL_ACCENT_COLOR_NAME = AccentColor;
				CODE_SIGN_STYLE = Automatic;
				DEVELOPMENT_TEAM = G7W2ANVLD3;
				INFOPLIST_FILE = "MVP-C/Info.plist";
				LD_RUNPATH_SEARCH_PATHS = (
					"$(inherited)",
					"@executable_path/Frameworks",
				);
				PRODUCT_BUNDLE_IDENTIFIER = "mvp-c.MVP-C";
				PRODUCT_NAME = "$(TARGET_NAME)";
				SWIFT_VERSION = 5.0;
				TARGETED_DEVICE_FAMILY = "1,2";
			};
			name = Release;
		};
		BB93054F26F327AC00B7674D /* Debug */ = {
			isa = XCBuildConfiguration;
			baseConfigurationReference = F42047C404C9A003FF8B3CD9 /* Pods-MVP-CTests.debug.xcconfig */;
			buildSettings = {
				ALWAYS_EMBED_SWIFT_STANDARD_LIBRARIES = YES;
				BUNDLE_LOADER = "$(TEST_HOST)";
				CODE_SIGN_STYLE = Automatic;
				DEVELOPMENT_TEAM = G7W2ANVLD3;
				INFOPLIST_FILE = "MVP-CTests/Info.plist";
				IPHONEOS_DEPLOYMENT_TARGET = 14.5;
				LD_RUNPATH_SEARCH_PATHS = (
					"$(inherited)",
					"@executable_path/Frameworks",
					"@loader_path/Frameworks",
				);
				PRODUCT_BUNDLE_IDENTIFIER = "mvp-c.MVP-CTests";
				PRODUCT_NAME = "$(TARGET_NAME)";
				SWIFT_VERSION = 5.0;
				TARGETED_DEVICE_FAMILY = "1,2";
				TEST_HOST = "$(BUILT_PRODUCTS_DIR)/MVP-C.app/MVP-C";
			};
			name = Debug;
		};
		BB93055026F327AC00B7674D /* Release */ = {
			isa = XCBuildConfiguration;
			baseConfigurationReference = 5B10EB511F961A5E0BE3D86B /* Pods-MVP-CTests.release.xcconfig */;
			buildSettings = {
				ALWAYS_EMBED_SWIFT_STANDARD_LIBRARIES = YES;
				BUNDLE_LOADER = "$(TEST_HOST)";
				CODE_SIGN_STYLE = Automatic;
				DEVELOPMENT_TEAM = G7W2ANVLD3;
				INFOPLIST_FILE = "MVP-CTests/Info.plist";
				IPHONEOS_DEPLOYMENT_TARGET = 14.5;
				LD_RUNPATH_SEARCH_PATHS = (
					"$(inherited)",
					"@executable_path/Frameworks",
					"@loader_path/Frameworks",
				);
				PRODUCT_BUNDLE_IDENTIFIER = "mvp-c.MVP-CTests";
				PRODUCT_NAME = "$(TARGET_NAME)";
				SWIFT_VERSION = 5.0;
				TARGETED_DEVICE_FAMILY = "1,2";
				TEST_HOST = "$(BUILT_PRODUCTS_DIR)/MVP-C.app/MVP-C";
			};
			name = Release;
		};
		BB93055226F327AC00B7674D /* Debug */ = {
			isa = XCBuildConfiguration;
			baseConfigurationReference = 6335EC21167C6AADFBA76888 /* Pods-MVP-C-MVP-CUITests.debug.xcconfig */;
			buildSettings = {
				ALWAYS_EMBED_SWIFT_STANDARD_LIBRARIES = YES;
				CODE_SIGN_STYLE = Automatic;
				DEVELOPMENT_TEAM = G7W2ANVLD3;
				INFOPLIST_FILE = "MVP-CUITests/Info.plist";
				LD_RUNPATH_SEARCH_PATHS = (
					"$(inherited)",
					"@executable_path/Frameworks",
					"@loader_path/Frameworks",
				);
				PRODUCT_BUNDLE_IDENTIFIER = "mvp-c.MVP-CUITests";
				PRODUCT_NAME = "$(TARGET_NAME)";
				SWIFT_VERSION = 5.0;
				TARGETED_DEVICE_FAMILY = "1,2";
				TEST_TARGET_NAME = "MVP-C";
			};
			name = Debug;
		};
		BB93055326F327AC00B7674D /* Release */ = {
			isa = XCBuildConfiguration;
			baseConfigurationReference = ED17AD394B541FB21DA7009B /* Pods-MVP-C-MVP-CUITests.release.xcconfig */;
			buildSettings = {
				ALWAYS_EMBED_SWIFT_STANDARD_LIBRARIES = YES;
				CODE_SIGN_STYLE = Automatic;
				DEVELOPMENT_TEAM = G7W2ANVLD3;
				INFOPLIST_FILE = "MVP-CUITests/Info.plist";
				LD_RUNPATH_SEARCH_PATHS = (
					"$(inherited)",
					"@executable_path/Frameworks",
					"@loader_path/Frameworks",
				);
				PRODUCT_BUNDLE_IDENTIFIER = "mvp-c.MVP-CUITests";
				PRODUCT_NAME = "$(TARGET_NAME)";
				SWIFT_VERSION = 5.0;
				TARGETED_DEVICE_FAMILY = "1,2";
				TEST_TARGET_NAME = "MVP-C";
			};
			name = Release;
		};
/* End XCBuildConfiguration section */

/* Begin XCConfigurationList section */
		BB93051C26F327AA00B7674D /* Build configuration list for PBXProject "MVP-C" */ = {
			isa = XCConfigurationList;
			buildConfigurations = (
				BB93054926F327AC00B7674D /* Debug */,
				BB93054A26F327AC00B7674D /* Release */,
			);
			defaultConfigurationIsVisible = 0;
			defaultConfigurationName = Release;
		};
		BB93054B26F327AC00B7674D /* Build configuration list for PBXNativeTarget "MVP-C" */ = {
			isa = XCConfigurationList;
			buildConfigurations = (
				BB93054C26F327AC00B7674D /* Debug */,
				BB93054D26F327AC00B7674D /* Release */,
			);
			defaultConfigurationIsVisible = 0;
			defaultConfigurationName = Release;
		};
		BB93054E26F327AC00B7674D /* Build configuration list for PBXNativeTarget "MVP-CTests" */ = {
			isa = XCConfigurationList;
			buildConfigurations = (
				BB93054F26F327AC00B7674D /* Debug */,
				BB93055026F327AC00B7674D /* Release */,
			);
			defaultConfigurationIsVisible = 0;
			defaultConfigurationName = Release;
		};
		BB93055126F327AC00B7674D /* Build configuration list for PBXNativeTarget "MVP-CUITests" */ = {
			isa = XCConfigurationList;
			buildConfigurations = (
				BB93055226F327AC00B7674D /* Debug */,
				BB93055326F327AC00B7674D /* Release */,
			);
			defaultConfigurationIsVisible = 0;
			defaultConfigurationName = Release;
		};
/* End XCConfigurationList section */
	};
	rootObject = BB93051926F327AA00B7674D /* Project object */;
}
